PODS:
  - AppCenter (4.3.0):
    - AppCenter/Analytics (= 4.3.0)
    - AppCenter/Crashes (= 4.3.0)
  - AppCenter/Analytics (4.3.0):
    - AppCenter/Core
  - AppCenter/Core (4.3.0)
  - AppCenter/Crashes (4.3.0):
    - AppCenter/Core
  - AppCenter/Distribute (4.3.0):
    - AppCenter/Core
  - shared (1.0)

DEPENDENCIES:
  - AppCenter
  - AppCenter/Analytics
  - AppCenter/Crashes
  - AppCenter/Distribute
  - shared (from `../shared`)

SPEC REPOS:
  trunk:
    - AppCenter

EXTERNAL SOURCES:
  shared:
    :path: "../shared"

SPEC CHECKSUMS:
  AppCenter: 883369ab78427b0561c688158d689dfe1f993ea9
  shared: 29346581d099b8843a69aab157c4d0577c3c8287

PODFILE CHECKSUM: f777be07b38dc31cfb3addbb39956eb6167c9636

COCOAPODS: 1.11.2
