PODS:
  - Amplify (1.15.3):
    - Amplify/Default (= 1.15.3)
  - Amplify/Default (1.15.3)
  - AppCenter (4.3.0):
    - AppCenter/Analytics (= 4.3.0)
    - AppCenter/Crashes (= 4.3.0)
  - AppCenter/Analytics (4.3.0):
    - AppCenter/Core
  - AppCenter/Core (4.3.0)
  - AppCenter/Crashes (4.3.0):
    - AppCenter/Core
  - shared (1.0)

DEPENDENCIES:
  - Amplify
  - AppCenter
  - shared (from `../shared`)

SPEC REPOS:
  trunk:
    - Amplify
    - AppCenter

EXTERNAL SOURCES:
  shared:
    :path: "../shared"

SPEC CHECKSUMS:
  Amplify: 0f1289c87ce5950d3c76d0e8e0ebbddbcda3cd30
  AppCenter: 883369ab78427b0561c688158d689dfe1f993ea9
  shared: 90ade93db1aa54af7f3563f585e897b8dd6c2db2

PODFILE CHECKSUM: 3c8b57e16cd892eb6b260a26ebaec7f2b7e26c93

COCOAPODS: 1.11.2
